// !$*UTF8*$!
{
	archiveVersion = 1;
	classes = {
	};
	objectVersion = 51;
	objects = {

/* Begin PBXBuildFile section */
		4BD2984FC6E5144360298F93 /* Pods_NewviesTests.framework in Frameworks */ = {isa = PBXBuildFile; fileRef = FA05085582B26528B51EC2F7 /* Pods_NewviesTests.framework */; };
		6757D0D3AF01E95087B5622C /* Pods_Newvies.framework in Frameworks */ = {isa = PBXBuildFile; fileRef = 884B08F8D012E4A938B46E1C /* Pods_Newvies.framework */; };
		8690BEDB51E7F3A99C120C34 /* Pods_Newvies_NewviesUITests.framework in Frameworks */ = {isa = PBXBuildFile; fileRef = 0F2418E90B06A62E5D6CEE83 /* Pods_Newvies_NewviesUITests.framework */; };
		E994B159241F0C330016F638 /* AppDelegate.swift in Sources */ = {isa = PBXBuildFile; fileRef = E994B158241F0C330016F638 /* AppDelegate.swift */; };
		E994B15B241F0C330016F638 /* SceneDelegate.swift in Sources */ = {isa = PBXBuildFile; fileRef = E994B15A241F0C330016F638 /* SceneDelegate.swift */; };
		E994B15D241F0C330016F638 /* LatestMoviesViewController.swift in Sources */ = {isa = PBXBuildFile; fileRef = E994B15C241F0C330016F638 /* LatestMoviesViewController.swift */; };
		E994B160241F0C330016F638 /* Main.storyboard in Resources */ = {isa = PBXBuildFile; fileRef = E994B15E241F0C330016F638 /* Main.storyboard */; };
		E994B162241F0C350016F638 /* Assets.xcassets in Resources */ = {isa = PBXBuildFile; fileRef = E994B161241F0C350016F638 /* Assets.xcassets */; };
		E994B165241F0C350016F638 /* LaunchScreen.storyboard in Resources */ = {isa = PBXBuildFile; fileRef = E994B163241F0C350016F638 /* LaunchScreen.storyboard */; };
		E994B170241F0C350016F638 /* NewviesTests.swift in Sources */ = {isa = PBXBuildFile; fileRef = E994B16F241F0C350016F638 /* NewviesTests.swift */; };
		E994B17B241F0C350016F638 /* NewviesUITests.swift in Sources */ = {isa = PBXBuildFile; fileRef = E994B17A241F0C350016F638 /* NewviesUITests.swift */; };
		E994B18A241F2D8F0016F638 /* MovieFetcher.swift in Sources */ = {isa = PBXBuildFile; fileRef = E994B189241F2D8F0016F638 /* MovieFetcher.swift */; };
		E994B18C241FDB190016F638 /* TVShowFetcher.swift in Sources */ = {isa = PBXBuildFile; fileRef = E994B18B241FDB190016F638 /* TVShowFetcher.swift */; };
		E994B191241FE3340016F638 /* MovieTableViewCell.swift in Sources */ = {isa = PBXBuildFile; fileRef = E994B190241FE3340016F638 /* MovieTableViewCell.swift */; };
		E994B193241FE5130016F638 /* Constants.swift in Sources */ = {isa = PBXBuildFile; fileRef = E994B192241FE5130016F638 /* Constants.swift */; };
		E994B196241FFBB90016F638 /* MovieDetailsViewController.swift in Sources */ = {isa = PBXBuildFile; fileRef = E994B195241FFBB90016F638 /* MovieDetailsViewController.swift */; };
		E994B198242018D60016F638 /* LatestTVShowsViewController.swift in Sources */ = {isa = PBXBuildFile; fileRef = E994B197242018D60016F638 /* LatestTVShowsViewController.swift */; };
		E994B19A242029680016F638 /* SimpleAlertPopup.swift in Sources */ = {isa = PBXBuildFile; fileRef = E994B199242029680016F638 /* SimpleAlertPopup.swift */; };
		E9E6B544242061B4000EE0F7 /* Fetcher.swift in Sources */ = {isa = PBXBuildFile; fileRef = E9E6B543242061B4000EE0F7 /* Fetcher.swift */; };
		E9E6B54624207AB3000EE0F7 /* TVShowTableViewCell.swift in Sources */ = {isa = PBXBuildFile; fileRef = E9E6B54524207AB3000EE0F7 /* TVShowTableViewCell.swift */; };
/* End PBXBuildFile section */

/* Begin PBXContainerItemProxy section */
		E994B16C241F0C350016F638 /* PBXContainerItemProxy */ = {
			isa = PBXContainerItemProxy;
			containerPortal = E994B14D241F0C330016F638 /* Project object */;
			proxyType = 1;
			remoteGlobalIDString = E994B154241F0C330016F638;
			remoteInfo = Newvies;
		};
		E994B177241F0C350016F638 /* PBXContainerItemProxy */ = {
			isa = PBXContainerItemProxy;
			containerPortal = E994B14D241F0C330016F638 /* Project object */;
			proxyType = 1;
			remoteGlobalIDString = E994B154241F0C330016F638;
			remoteInfo = Newvies;
		};
/* End PBXContainerItemProxy section */

/* Begin PBXFileReference section */
		0F2418E90B06A62E5D6CEE83 /* Pods_Newvies_NewviesUITests.framework */ = {isa = PBXFileReference; explicitFileType = wrapper.framework; includeInIndex = 0; path = Pods_Newvies_NewviesUITests.framework; sourceTree = BUILT_PRODUCTS_DIR; };
		39285477B8E5E5C49E1E6D28 /* Pods-Newvies-NewviesUITests.release.xcconfig */ = {isa = PBXFileReference; includeInIndex = 1; lastKnownFileType = text.xcconfig; name = "Pods-Newvies-NewviesUITests.release.xcconfig"; path = "Target Support Files/Pods-Newvies-NewviesUITests/Pods-Newvies-NewviesUITests.release.xcconfig"; sourceTree = "<group>"; };
		43E4728FC29AB825C4E3593D /* Pods-Newvies.release.xcconfig */ = {isa = PBXFileReference; includeInIndex = 1; lastKnownFileType = text.xcconfig; name = "Pods-Newvies.release.xcconfig"; path = "Target Support Files/Pods-Newvies/Pods-Newvies.release.xcconfig"; sourceTree = "<group>"; };
		5D08EFCD0513151535D89900 /* Pods-NewviesTests.release.xcconfig */ = {isa = PBXFileReference; includeInIndex = 1; lastKnownFileType = text.xcconfig; name = "Pods-NewviesTests.release.xcconfig"; path = "Target Support Files/Pods-NewviesTests/Pods-NewviesTests.release.xcconfig"; sourceTree = "<group>"; };
		884B08F8D012E4A938B46E1C /* Pods_Newvies.framework */ = {isa = PBXFileReference; explicitFileType = wrapper.framework; includeInIndex = 0; path = Pods_Newvies.framework; sourceTree = BUILT_PRODUCTS_DIR; };
		A3629C139404C5C9BC63A59C /* Pods-Newvies.debug.xcconfig */ = {isa = PBXFileReference; includeInIndex = 1; lastKnownFileType = text.xcconfig; name = "Pods-Newvies.debug.xcconfig"; path = "Target Support Files/Pods-Newvies/Pods-Newvies.debug.xcconfig"; sourceTree = "<group>"; };
		BAEC0DBA9CEB5D6930D29F56 /* Pods-NewviesTests.debug.xcconfig */ = {isa = PBXFileReference; includeInIndex = 1; lastKnownFileType = text.xcconfig; name = "Pods-NewviesTests.debug.xcconfig"; path = "Target Support Files/Pods-NewviesTests/Pods-NewviesTests.debug.xcconfig"; sourceTree = "<group>"; };
		D49C3CFFB7DFC32CD3C2A679 /* Pods-Newvies-NewviesUITests.debug.xcconfig */ = {isa = PBXFileReference; includeInIndex = 1; lastKnownFileType = text.xcconfig; name = "Pods-Newvies-NewviesUITests.debug.xcconfig"; path = "Target Support Files/Pods-Newvies-NewviesUITests/Pods-Newvies-NewviesUITests.debug.xcconfig"; sourceTree = "<group>"; };
		E994B155241F0C330016F638 /* Newvies.app */ = {isa = PBXFileReference; explicitFileType = wrapper.application; includeInIndex = 0; path = Newvies.app; sourceTree = BUILT_PRODUCTS_DIR; };
		E994B158241F0C330016F638 /* AppDelegate.swift */ = {isa = PBXFileReference; lastKnownFileType = sourcecode.swift; path = AppDelegate.swift; sourceTree = "<group>"; };
		E994B15A241F0C330016F638 /* SceneDelegate.swift */ = {isa = PBXFileReference; lastKnownFileType = sourcecode.swift; path = SceneDelegate.swift; sourceTree = "<group>"; };
		E994B15C241F0C330016F638 /* LatestMoviesViewController.swift */ = {isa = PBXFileReference; lastKnownFileType = sourcecode.swift; path = LatestMoviesViewController.swift; sourceTree = "<group>"; };
		E994B15F241F0C330016F638 /* Base */ = {isa = PBXFileReference; lastKnownFileType = file.storyboard; name = Base; path = Base.lproj/Main.storyboard; sourceTree = "<group>"; };
		E994B161241F0C350016F638 /* Assets.xcassets */ = {isa = PBXFileReference; lastKnownFileType = folder.assetcatalog; path = Assets.xcassets; sourceTree = "<group>"; };
		E994B164241F0C350016F638 /* Base */ = {isa = PBXFileReference; lastKnownFileType = file.storyboard; name = Base; path = Base.lproj/LaunchScreen.storyboard; sourceTree = "<group>"; };
		E994B166241F0C350016F638 /* Info.plist */ = {isa = PBXFileReference; lastKnownFileType = text.plist.xml; path = Info.plist; sourceTree = "<group>"; };
		E994B16B241F0C350016F638 /* NewviesTests.xctest */ = {isa = PBXFileReference; explicitFileType = wrapper.cfbundle; includeInIndex = 0; path = NewviesTests.xctest; sourceTree = BUILT_PRODUCTS_DIR; };
		E994B16F241F0C350016F638 /* NewviesTests.swift */ = {isa = PBXFileReference; lastKnownFileType = sourcecode.swift; path = NewviesTests.swift; sourceTree = "<group>"; };
		E994B171241F0C350016F638 /* Info.plist */ = {isa = PBXFileReference; lastKnownFileType = text.plist.xml; path = Info.plist; sourceTree = "<group>"; };
		E994B176241F0C350016F638 /* NewviesUITests.xctest */ = {isa = PBXFileReference; explicitFileType = wrapper.cfbundle; includeInIndex = 0; path = NewviesUITests.xctest; sourceTree = BUILT_PRODUCTS_DIR; };
		E994B17A241F0C350016F638 /* NewviesUITests.swift */ = {isa = PBXFileReference; lastKnownFileType = sourcecode.swift; path = NewviesUITests.swift; sourceTree = "<group>"; };
		E994B17C241F0C350016F638 /* Info.plist */ = {isa = PBXFileReference; lastKnownFileType = text.plist.xml; path = Info.plist; sourceTree = "<group>"; };
		E994B189241F2D8F0016F638 /* MovieFetcher.swift */ = {isa = PBXFileReference; lastKnownFileType = sourcecode.swift; path = MovieFetcher.swift; sourceTree = "<group>"; };
		E994B18B241FDB190016F638 /* TVShowFetcher.swift */ = {isa = PBXFileReference; lastKnownFileType = sourcecode.swift; path = TVShowFetcher.swift; sourceTree = "<group>"; };
		E994B190241FE3340016F638 /* MovieTableViewCell.swift */ = {isa = PBXFileReference; lastKnownFileType = sourcecode.swift; path = MovieTableViewCell.swift; sourceTree = "<group>"; };
		E994B192241FE5130016F638 /* Constants.swift */ = {isa = PBXFileReference; lastKnownFileType = sourcecode.swift; path = Constants.swift; sourceTree = "<group>"; };
		E994B195241FFBB90016F638 /* MovieDetailsViewController.swift */ = {isa = PBXFileReference; lastKnownFileType = sourcecode.swift; path = MovieDetailsViewController.swift; sourceTree = "<group>"; };
		E994B197242018D60016F638 /* LatestTVShowsViewController.swift */ = {isa = PBXFileReference; lastKnownFileType = sourcecode.swift; path = LatestTVShowsViewController.swift; sourceTree = "<group>"; };
		E994B199242029680016F638 /* SimpleAlertPopup.swift */ = {isa = PBXFileReference; lastKnownFileType = sourcecode.swift; path = SimpleAlertPopup.swift; sourceTree = "<group>"; };
		E9E6B543242061B4000EE0F7 /* Fetcher.swift */ = {isa = PBXFileReference; lastKnownFileType = sourcecode.swift; path = Fetcher.swift; sourceTree = "<group>"; };
		E9E6B54524207AB3000EE0F7 /* TVShowTableViewCell.swift */ = {isa = PBXFileReference; lastKnownFileType = sourcecode.swift; path = TVShowTableViewCell.swift; sourceTree = "<group>"; };
		FA05085582B26528B51EC2F7 /* Pods_NewviesTests.framework */ = {isa = PBXFileReference; explicitFileType = wrapper.framework; includeInIndex = 0; path = Pods_NewviesTests.framework; sourceTree = BUILT_PRODUCTS_DIR; };
/* End PBXFileReference section */

/* Begin PBXFrameworksBuildPhase section */
		E994B152241F0C330016F638 /* Frameworks */ = {
			isa = PBXFrameworksBuildPhase;
			buildActionMask = 2147483647;
			files = (
				6757D0D3AF01E95087B5622C /* Pods_Newvies.framework in Frameworks */,
			);
			runOnlyForDeploymentPostprocessing = 0;
		};
		E994B168241F0C350016F638 /* Frameworks */ = {
			isa = PBXFrameworksBuildPhase;
			buildActionMask = 2147483647;
			files = (
				4BD2984FC6E5144360298F93 /* Pods_NewviesTests.framework in Frameworks */,
			);
			runOnlyForDeploymentPostprocessing = 0;
		};
		E994B173241F0C350016F638 /* Frameworks */ = {
			isa = PBXFrameworksBuildPhase;
			buildActionMask = 2147483647;
			files = (
				8690BEDB51E7F3A99C120C34 /* Pods_Newvies_NewviesUITests.framework in Frameworks */,
			);
			runOnlyForDeploymentPostprocessing = 0;
		};
/* End PBXFrameworksBuildPhase section */

/* Begin PBXGroup section */
		2F90ABD909CBD749759FD44E /* Frameworks */ = {
			isa = PBXGroup;
			children = (
				884B08F8D012E4A938B46E1C /* Pods_Newvies.framework */,
				0F2418E90B06A62E5D6CEE83 /* Pods_Newvies_NewviesUITests.framework */,
				FA05085582B26528B51EC2F7 /* Pods_NewviesTests.framework */,
			);
			name = Frameworks;
			sourceTree = "<group>";
		};
		DBF0A83BC57BA830A9816E82 /* Pods */ = {
			isa = PBXGroup;
			children = (
				A3629C139404C5C9BC63A59C /* Pods-Newvies.debug.xcconfig */,
				43E4728FC29AB825C4E3593D /* Pods-Newvies.release.xcconfig */,
				D49C3CFFB7DFC32CD3C2A679 /* Pods-Newvies-NewviesUITests.debug.xcconfig */,
				39285477B8E5E5C49E1E6D28 /* Pods-Newvies-NewviesUITests.release.xcconfig */,
				BAEC0DBA9CEB5D6930D29F56 /* Pods-NewviesTests.debug.xcconfig */,
				5D08EFCD0513151535D89900 /* Pods-NewviesTests.release.xcconfig */,
			);
			path = Pods;
			sourceTree = "<group>";
		};
		E994B14C241F0C330016F638 = {
			isa = PBXGroup;
			children = (
				E994B157241F0C330016F638 /* Newvies */,
				E994B16E241F0C350016F638 /* NewviesTests */,
				E994B179241F0C350016F638 /* NewviesUITests */,
				E994B156241F0C330016F638 /* Products */,
				DBF0A83BC57BA830A9816E82 /* Pods */,
				2F90ABD909CBD749759FD44E /* Frameworks */,
			);
			sourceTree = "<group>";
		};
		E994B156241F0C330016F638 /* Products */ = {
			isa = PBXGroup;
			children = (
				E994B155241F0C330016F638 /* Newvies.app */,
				E994B16B241F0C350016F638 /* NewviesTests.xctest */,
				E994B176241F0C350016F638 /* NewviesUITests.xctest */,
			);
			name = Products;
			sourceTree = "<group>";
		};
		E994B157241F0C330016F638 /* Newvies */ = {
			isa = PBXGroup;
			children = (
				E994B194241FFB920016F638 /* View Controllers */,
				E994B18F241FE3170016F638 /* Views */,
				E994B188241F2D020016F638 /* MoviesAPI */,
				E994B158241F0C330016F638 /* AppDelegate.swift */,
				E994B15A241F0C330016F638 /* SceneDelegate.swift */,
				E994B15E241F0C330016F638 /* Main.storyboard */,
				E994B161241F0C350016F638 /* Assets.xcassets */,
				E994B163241F0C350016F638 /* LaunchScreen.storyboard */,
				E994B166241F0C350016F638 /* Info.plist */,
				E994B192241FE5130016F638 /* Constants.swift */,
			);
			path = Newvies;
			sourceTree = "<group>";
		};
		E994B16E241F0C350016F638 /* NewviesTests */ = {
			isa = PBXGroup;
			children = (
				E994B16F241F0C350016F638 /* NewviesTests.swift */,
				E994B171241F0C350016F638 /* Info.plist */,
			);
			path = NewviesTests;
			sourceTree = "<group>";
		};
		E994B179241F0C350016F638 /* NewviesUITests */ = {
			isa = PBXGroup;
			children = (
				E994B17A241F0C350016F638 /* NewviesUITests.swift */,
				E994B17C241F0C350016F638 /* Info.plist */,
			);
			path = NewviesUITests;
			sourceTree = "<group>";
		};
		E994B188241F2D020016F638 /* MoviesAPI */ = {
			isa = PBXGroup;
			children = (
				E9E6B543242061B4000EE0F7 /* Fetcher.swift */,
				E994B189241F2D8F0016F638 /* MovieFetcher.swift */,
				E994B18B241FDB190016F638 /* TVShowFetcher.swift */,
			);
			path = MoviesAPI;
			sourceTree = "<group>";
		};
		E994B18F241FE3170016F638 /* Views */ = {
			isa = PBXGroup;
			children = (
				E994B190241FE3340016F638 /* MovieTableViewCell.swift */,
				E994B199242029680016F638 /* SimpleAlertPopup.swift */,
				E9E6B54524207AB3000EE0F7 /* TVShowTableViewCell.swift */,
			);
			path = Views;
			sourceTree = "<group>";
		};
		E994B194241FFB920016F638 /* View Controllers */ = {
			isa = PBXGroup;
			children = (
				E994B15C241F0C330016F638 /* LatestMoviesViewController.swift */,
				E994B197242018D60016F638 /* LatestTVShowsViewController.swift */,
				E994B195241FFBB90016F638 /* MovieDetailsViewController.swift */,
			);
			path = "View Controllers";
			sourceTree = "<group>";
		};
/* End PBXGroup section */

/* Begin PBXNativeTarget section */
		E994B154241F0C330016F638 /* Newvies */ = {
			isa = PBXNativeTarget;
			buildConfigurationList = E994B17F241F0C350016F638 /* Build configuration list for PBXNativeTarget "Newvies" */;
			buildPhases = (
				D10EEDA3103CF51283B4B33D /* [CP] Check Pods Manifest.lock */,
				E994B151241F0C330016F638 /* Sources */,
				E994B152241F0C330016F638 /* Frameworks */,
				E994B153241F0C330016F638 /* Resources */,
				C84108C7471AB440955F5F7F /* [CP] Embed Pods Frameworks */,
			);
			buildRules = (
			);
			dependencies = (
			);
			name = Newvies;
			productName = Newvies;
			productReference = E994B155241F0C330016F638 /* Newvies.app */;
			productType = "com.apple.product-type.application";
		};
		E994B16A241F0C350016F638 /* NewviesTests */ = {
			isa = PBXNativeTarget;
			buildConfigurationList = E994B182241F0C350016F638 /* Build configuration list for PBXNativeTarget "NewviesTests" */;
			buildPhases = (
				2FFC5B8BC10DA3BEE5C19634 /* [CP] Check Pods Manifest.lock */,
				E994B167241F0C350016F638 /* Sources */,
				E994B168241F0C350016F638 /* Frameworks */,
				E994B169241F0C350016F638 /* Resources */,
			);
			buildRules = (
			);
			dependencies = (
				E994B16D241F0C350016F638 /* PBXTargetDependency */,
			);
			name = NewviesTests;
			productName = NewviesTests;
			productReference = E994B16B241F0C350016F638 /* NewviesTests.xctest */;
			productType = "com.apple.product-type.bundle.unit-test";
		};
		E994B175241F0C350016F638 /* NewviesUITests */ = {
			isa = PBXNativeTarget;
			buildConfigurationList = E994B185241F0C350016F638 /* Build configuration list for PBXNativeTarget "NewviesUITests" */;
			buildPhases = (
				C9881AE27084A4E9720A6A99 /* [CP] Check Pods Manifest.lock */,
				E994B172241F0C350016F638 /* Sources */,
				E994B173241F0C350016F638 /* Frameworks */,
				E994B174241F0C350016F638 /* Resources */,
				AB69E99350608FAD3B983450 /* [CP] Embed Pods Frameworks */,
			);
			buildRules = (
			);
			dependencies = (
				E994B178241F0C350016F638 /* PBXTargetDependency */,
			);
			name = NewviesUITests;
			productName = NewviesUITests;
			productReference = E994B176241F0C350016F638 /* NewviesUITests.xctest */;
			productType = "com.apple.product-type.bundle.ui-testing";
		};
/* End PBXNativeTarget section */

/* Begin PBXProject section */
		E994B14D241F0C330016F638 /* Project object */ = {
			isa = PBXProject;
			attributes = {
				LastSwiftUpdateCheck = 1120;
				LastUpgradeCheck = 1120;
				ORGANIZATIONNAME = Jacaria;
				TargetAttributes = {
					E994B154241F0C330016F638 = {
						CreatedOnToolsVersion = 11.2.1;
					};
					E994B16A241F0C350016F638 = {
						CreatedOnToolsVersion = 11.2.1;
						TestTargetID = E994B154241F0C330016F638;
					};
					E994B175241F0C350016F638 = {
						CreatedOnToolsVersion = 11.2.1;
						TestTargetID = E994B154241F0C330016F638;
					};
				};
			};
			buildConfigurationList = E994B150241F0C330016F638 /* Build configuration list for PBXProject "Newvies" */;
			compatibilityVersion = "Xcode 9.3";
			developmentRegion = en;
			hasScannedForEncodings = 0;
			knownRegions = (
				en,
				Base,
			);
			mainGroup = E994B14C241F0C330016F638;
			productRefGroup = E994B156241F0C330016F638 /* Products */;
			projectDirPath = "";
			projectRoot = "";
			targets = (
				E994B154241F0C330016F638 /* Newvies */,
				E994B16A241F0C350016F638 /* NewviesTests */,
				E994B175241F0C350016F638 /* NewviesUITests */,
			);
		};
/* End PBXProject section */

/* Begin PBXResourcesBuildPhase section */
		E994B153241F0C330016F638 /* Resources */ = {
			isa = PBXResourcesBuildPhase;
			buildActionMask = 2147483647;
			files = (
				E994B165241F0C350016F638 /* LaunchScreen.storyboard in Resources */,
				E994B162241F0C350016F638 /* Assets.xcassets in Resources */,
				E994B160241F0C330016F638 /* Main.storyboard in Resources */,
			);
			runOnlyForDeploymentPostprocessing = 0;
		};
		E994B169241F0C350016F638 /* Resources */ = {
			isa = PBXResourcesBuildPhase;
			buildActionMask = 2147483647;
			files = (
			);
			runOnlyForDeploymentPostprocessing = 0;
		};
		E994B174241F0C350016F638 /* Resources */ = {
			isa = PBXResourcesBuildPhase;
			buildActionMask = 2147483647;
			files = (
			);
			runOnlyForDeploymentPostprocessing = 0;
		};
/* End PBXResourcesBuildPhase section */

/* Begin PBXShellScriptBuildPhase section */
		2FFC5B8BC10DA3BEE5C19634 /* [CP] Check Pods Manifest.lock */ = {
			isa = PBXShellScriptBuildPhase;
			buildActionMask = 2147483647;
			files = (
			);
			inputFileListPaths = (
			);
			inputPaths = (
				"${PODS_PODFILE_DIR_PATH}/Podfile.lock",
				"${PODS_ROOT}/Manifest.lock",
			);
			name = "[CP] Check Pods Manifest.lock";
			outputFileListPaths = (
			);
			outputPaths = (
				"$(DERIVED_FILE_DIR)/Pods-NewviesTests-checkManifestLockResult.txt",
			);
			runOnlyForDeploymentPostprocessing = 0;
			shellPath = /bin/sh;
			shellScript = "diff \"${PODS_PODFILE_DIR_PATH}/Podfile.lock\" \"${PODS_ROOT}/Manifest.lock\" > /dev/null\nif [ $? != 0 ] ; then\n    # print error to STDERR\n    echo \"error: The sandbox is not in sync with the Podfile.lock. Run 'pod install' or update your CocoaPods installation.\" >&2\n    exit 1\nfi\n# This output is used by Xcode 'outputs' to avoid re-running this script phase.\necho \"SUCCESS\" > \"${SCRIPT_OUTPUT_FILE_0}\"\n";
			showEnvVarsInLog = 0;
		};
		AB69E99350608FAD3B983450 /* [CP] Embed Pods Frameworks */ = {
			isa = PBXShellScriptBuildPhase;
			buildActionMask = 2147483647;
			files = (
			);
			inputFileListPaths = (
				"${PODS_ROOT}/Target Support Files/Pods-Newvies-NewviesUITests/Pods-Newvies-NewviesUITests-frameworks-${CONFIGURATION}-input-files.xcfilelist",
			);
			name = "[CP] Embed Pods Frameworks";
			outputFileListPaths = (
				"${PODS_ROOT}/Target Support Files/Pods-Newvies-NewviesUITests/Pods-Newvies-NewviesUITests-frameworks-${CONFIGURATION}-output-files.xcfilelist",
			);
			runOnlyForDeploymentPostprocessing = 0;
			shellPath = /bin/sh;
			shellScript = "\"${PODS_ROOT}/Target Support Files/Pods-Newvies-NewviesUITests/Pods-Newvies-NewviesUITests-frameworks.sh\"\n";
			showEnvVarsInLog = 0;
		};
		C84108C7471AB440955F5F7F /* [CP] Embed Pods Frameworks */ = {
			isa = PBXShellScriptBuildPhase;
			buildActionMask = 2147483647;
			files = (
			);
			inputFileListPaths = (
				"${PODS_ROOT}/Target Support Files/Pods-Newvies/Pods-Newvies-frameworks-${CONFIGURATION}-input-files.xcfilelist",
			);
			name = "[CP] Embed Pods Frameworks";
			outputFileListPaths = (
				"${PODS_ROOT}/Target Support Files/Pods-Newvies/Pods-Newvies-frameworks-${CONFIGURATION}-output-files.xcfilelist",
			);
			runOnlyForDeploymentPostprocessing = 0;
			shellPath = /bin/sh;
			shellScript = "\"${PODS_ROOT}/Target Support Files/Pods-Newvies/Pods-Newvies-frameworks.sh\"\n";
			showEnvVarsInLog = 0;
		};
		C9881AE27084A4E9720A6A99 /* [CP] Check Pods Manifest.lock */ = {
			isa = PBXShellScriptBuildPhase;
			buildActionMask = 2147483647;
			files = (
			);
			inputFileListPaths = (
			);
			inputPaths = (
				"${PODS_PODFILE_DIR_PATH}/Podfile.lock",
				"${PODS_ROOT}/Manifest.lock",
			);
			name = "[CP] Check Pods Manifest.lock";
			outputFileListPaths = (
			);
			outputPaths = (
				"$(DERIVED_FILE_DIR)/Pods-Newvies-NewviesUITests-checkManifestLockResult.txt",
			);
			runOnlyForDeploymentPostprocessing = 0;
			shellPath = /bin/sh;
			shellScript = "diff \"${PODS_PODFILE_DIR_PATH}/Podfile.lock\" \"${PODS_ROOT}/Manifest.lock\" > /dev/null\nif [ $? != 0 ] ; then\n    # print error to STDERR\n    echo \"error: The sandbox is not in sync with the Podfile.lock. Run 'pod install' or update your CocoaPods installation.\" >&2\n    exit 1\nfi\n# This output is used by Xcode 'outputs' to avoid re-running this script phase.\necho \"SUCCESS\" > \"${SCRIPT_OUTPUT_FILE_0}\"\n";
			showEnvVarsInLog = 0;
		};
		D10EEDA3103CF51283B4B33D /* [CP] Check Pods Manifest.lock */ = {
			isa = PBXShellScriptBuildPhase;
			buildActionMask = 2147483647;
			files = (
			);
			inputFileListPaths = (
			);
			inputPaths = (
				"${PODS_PODFILE_DIR_PATH}/Podfile.lock",
				"${PODS_ROOT}/Manifest.lock",
			);
			name = "[CP] Check Pods Manifest.lock";
			outputFileListPaths = (
			);
			outputPaths = (
				"$(DERIVED_FILE_DIR)/Pods-Newvies-checkManifestLockResult.txt",
			);
			runOnlyForDeploymentPostprocessing = 0;
			shellPath = /bin/sh;
			shellScript = "diff \"${PODS_PODFILE_DIR_PATH}/Podfile.lock\" \"${PODS_ROOT}/Manifest.lock\" > /dev/null\nif [ $? != 0 ] ; then\n    # print error to STDERR\n    echo \"error: The sandbox is not in sync with the Podfile.lock. Run 'pod install' or update your CocoaPods installation.\" >&2\n    exit 1\nfi\n# This output is used by Xcode 'outputs' to avoid re-running this script phase.\necho \"SUCCESS\" > \"${SCRIPT_OUTPUT_FILE_0}\"\n";
			showEnvVarsInLog = 0;
		};
/* End PBXShellScriptBuildPhase section */

/* Begin PBXSourcesBuildPhase section */
		E994B151241F0C330016F638 /* Sources */ = {
			isa = PBXSourcesBuildPhase;
			buildActionMask = 2147483647;
			files = (
				E994B196241FFBB90016F638 /* MovieDetailsViewController.swift in Sources */,
				E9E6B544242061B4000EE0F7 /* Fetcher.swift in Sources */,
				E994B19A242029680016F638 /* SimpleAlertPopup.swift in Sources */,
				E994B18C241FDB190016F638 /* TVShowFetcher.swift in Sources */,
				E994B15D241F0C330016F638 /* LatestMoviesViewController.swift in Sources */,
				E994B191241FE3340016F638 /* MovieTableViewCell.swift in Sources */,
				E994B198242018D60016F638 /* LatestTVShowsViewController.swift in Sources */,
				E994B159241F0C330016F638 /* AppDelegate.swift in Sources */,
				E994B193241FE5130016F638 /* Constants.swift in Sources */,
				E994B18A241F2D8F0016F638 /* MovieFetcher.swift in Sources */,
				E9E6B54624207AB3000EE0F7 /* TVShowTableViewCell.swift in Sources */,
				E994B15B241F0C330016F638 /* SceneDelegate.swift in Sources */,
			);
			runOnlyForDeploymentPostprocessing = 0;
		};
		E994B167241F0C350016F638 /* Sources */ = {
			isa = PBXSourcesBuildPhase;
			buildActionMask = 2147483647;
			files = (
				E994B170241F0C350016F638 /* NewviesTests.swift in Sources */,
			);
			runOnlyForDeploymentPostprocessing = 0;
		};
		E994B172241F0C350016F638 /* Sources */ = {
			isa = PBXSourcesBuildPhase;
			buildActionMask = 2147483647;
			files = (
				E994B17B241F0C350016F638 /* NewviesUITests.swift in Sources */,
			);
			runOnlyForDeploymentPostprocessing = 0;
		};
/* End PBXSourcesBuildPhase section */

/* Begin PBXTargetDependency section */
		E994B16D241F0C350016F638 /* PBXTargetDependency */ = {
			isa = PBXTargetDependency;
			target = E994B154241F0C330016F638 /* Newvies */;
			targetProxy = E994B16C241F0C350016F638 /* PBXContainerItemProxy */;
		};
		E994B178241F0C350016F638 /* PBXTargetDependency */ = {
			isa = PBXTargetDependency;
			target = E994B154241F0C330016F638 /* Newvies */;
			targetProxy = E994B177241F0C350016F638 /* PBXContainerItemProxy */;
		};
/* End PBXTargetDependency section */

/* Begin PBXVariantGroup section */
		E994B15E241F0C330016F638 /* Main.storyboard */ = {
			isa = PBXVariantGroup;
			children = (
				E994B15F241F0C330016F638 /* Base */,
			);
			name = Main.storyboard;
			sourceTree = "<group>";
		};
		E994B163241F0C350016F638 /* LaunchScreen.storyboard */ = {
			isa = PBXVariantGroup;
			children = (
				E994B164241F0C350016F638 /* Base */,
			);
			name = LaunchScreen.storyboard;
			sourceTree = "<group>";
		};
/* End PBXVariantGroup section */

/* Begin XCBuildConfiguration section */
		E994B17D241F0C350016F638 /* Debug */ = {
			isa = XCBuildConfiguration;
			buildSettings = {
				ALWAYS_SEARCH_USER_PATHS = NO;
				CLANG_ANALYZER_NONNULL = YES;
				CLANG_ANALYZER_NUMBER_OBJECT_CONVERSION = YES_AGGRESSIVE;
				CLANG_CXX_LANGUAGE_STANDARD = "gnu++14";
				CLANG_CXX_LIBRARY = "libc++";
				CLANG_ENABLE_MODULES = YES;
				CLANG_ENABLE_OBJC_ARC = YES;
				CLANG_ENABLE_OBJC_WEAK = YES;
				CLANG_WARN_BLOCK_CAPTURE_AUTORELEASING = YES;
				CLANG_WARN_BOOL_CONVERSION = YES;
				CLANG_WARN_COMMA = YES;
				CLANG_WARN_CONSTANT_CONVERSION = YES;
				CLANG_WARN_DEPRECATED_OBJC_IMPLEMENTATIONS = YES;
				CLANG_WARN_DIRECT_OBJC_ISA_USAGE = YES_ERROR;
				CLANG_WARN_DOCUMENTATION_COMMENTS = YES;
				CLANG_WARN_EMPTY_BODY = YES;
				CLANG_WARN_ENUM_CONVERSION = YES;
				CLANG_WARN_INFINITE_RECURSION = YES;
				CLANG_WARN_INT_CONVERSION = YES;
				CLANG_WARN_NON_LITERAL_NULL_CONVERSION = YES;
				CLANG_WARN_OBJC_IMPLICIT_RETAIN_SELF = YES;
				CLANG_WARN_OBJC_LITERAL_CONVERSION = YES;
				CLANG_WARN_OBJC_ROOT_CLASS = YES_ERROR;
				CLANG_WARN_RANGE_LOOP_ANALYSIS = YES;
				CLANG_WARN_STRICT_PROTOTYPES = YES;
				CLANG_WARN_SUSPICIOUS_MOVE = YES;
				CLANG_WARN_UNGUARDED_AVAILABILITY = YES_AGGRESSIVE;
				CLANG_WARN_UNREACHABLE_CODE = YES;
				CLANG_WARN__DUPLICATE_METHOD_MATCH = YES;
				COPY_PHASE_STRIP = NO;
				DEBUG_INFORMATION_FORMAT = dwarf;
				ENABLE_STRICT_OBJC_MSGSEND = YES;
				ENABLE_TESTABILITY = YES;
				GCC_C_LANGUAGE_STANDARD = gnu11;
				GCC_DYNAMIC_NO_PIC = NO;
				GCC_NO_COMMON_BLOCKS = YES;
				GCC_OPTIMIZATION_LEVEL = 0;
				GCC_PREPROCESSOR_DEFINITIONS = (
					"DEBUG=1",
					"$(inherited)",
				);
				GCC_WARN_64_TO_32_BIT_CONVERSION = YES;
				GCC_WARN_ABOUT_RETURN_TYPE = YES_ERROR;
				GCC_WARN_UNDECLARED_SELECTOR = YES;
				GCC_WARN_UNINITIALIZED_AUTOS = YES_AGGRESSIVE;
				GCC_WARN_UNUSED_FUNCTION = YES;
				GCC_WARN_UNUSED_VARIABLE = YES;
				IPHONEOS_DEPLOYMENT_TARGET = 13.2;
				MTL_ENABLE_DEBUG_INFO = INCLUDE_SOURCE;
				MTL_FAST_MATH = YES;
				ONLY_ACTIVE_ARCH = YES;
				SDKROOT = iphoneos;
				SWIFT_ACTIVE_COMPILATION_CONDITIONS = DEBUG;
				SWIFT_OPTIMIZATION_LEVEL = "-Onone";
			};
			name = Debug;
		};
		E994B17E241F0C350016F638 /* Release */ = {
			isa = XCBuildConfiguration;
			buildSettings = {
				ALWAYS_SEARCH_USER_PATHS = NO;
				CLANG_ANALYZER_NONNULL = YES;
				CLANG_ANALYZER_NUMBER_OBJECT_CONVERSION = YES_AGGRESSIVE;
				CLANG_CXX_LANGUAGE_STANDARD = "gnu++14";
				CLANG_CXX_LIBRARY = "libc++";
				CLANG_ENABLE_MODULES = YES;
				CLANG_ENABLE_OBJC_ARC = YES;
				CLANG_ENABLE_OBJC_WEAK = YES;
				CLANG_WARN_BLOCK_CAPTURE_AUTORELEASING = YES;
				CLANG_WARN_BOOL_CONVERSION = YES;
				CLANG_WARN_COMMA = YES;
				CLANG_WARN_CONSTANT_CONVERSION = YES;
				CLANG_WARN_DEPRECATED_OBJC_IMPLEMENTATIONS = YES;
				CLANG_WARN_DIRECT_OBJC_ISA_USAGE = YES_ERROR;
				CLANG_WARN_DOCUMENTATION_COMMENTS = YES;
				CLANG_WARN_EMPTY_BODY = YES;
				CLANG_WARN_ENUM_CONVERSION = YES;
				CLANG_WARN_INFINITE_RECURSION = YES;
				CLANG_WARN_INT_CONVERSION = YES;
				CLANG_WARN_NON_LITERAL_NULL_CONVERSION = YES;
				CLANG_WARN_OBJC_IMPLICIT_RETAIN_SELF = YES;
				CLANG_WARN_OBJC_LITERAL_CONVERSION = YES;
				CLANG_WARN_OBJC_ROOT_CLASS = YES_ERROR;
				CLANG_WARN_RANGE_LOOP_ANALYSIS = YES;
				CLANG_WARN_STRICT_PROTOTYPES = YES;
				CLANG_WARN_SUSPICIOUS_MOVE = YES;
				CLANG_WARN_UNGUARDED_AVAILABILITY = YES_AGGRESSIVE;
				CLANG_WARN_UNREACHABLE_CODE = YES;
				CLANG_WARN__DUPLICATE_METHOD_MATCH = YES;
				COPY_PHASE_STRIP = NO;
				DEBUG_INFORMATION_FORMAT = "dwarf-with-dsym";
				ENABLE_NS_ASSERTIONS = NO;
				ENABLE_STRICT_OBJC_MSGSEND = YES;
				GCC_C_LANGUAGE_STANDARD = gnu11;
				GCC_NO_COMMON_BLOCKS = YES;
				GCC_WARN_64_TO_32_BIT_CONVERSION = YES;
				GCC_WARN_ABOUT_RETURN_TYPE = YES_ERROR;
				GCC_WARN_UNDECLARED_SELECTOR = YES;
				GCC_WARN_UNINITIALIZED_AUTOS = YES_AGGRESSIVE;
				GCC_WARN_UNUSED_FUNCTION = YES;
				GCC_WARN_UNUSED_VARIABLE = YES;
				IPHONEOS_DEPLOYMENT_TARGET = 13.2;
				MTL_ENABLE_DEBUG_INFO = NO;
				MTL_FAST_MATH = YES;
				SDKROOT = iphoneos;
				SWIFT_COMPILATION_MODE = wholemodule;
				SWIFT_OPTIMIZATION_LEVEL = "-O";
				VALIDATE_PRODUCT = YES;
			};
			name = Release;
		};
		E994B180241F0C350016F638 /* Debug */ = {
			isa = XCBuildConfiguration;
			baseConfigurationReference = A3629C139404C5C9BC63A59C /* Pods-Newvies.debug.xcconfig */;
			buildSettings = {
				ASSETCATALOG_COMPILER_APPICON_NAME = AppIcon;
				CODE_SIGN_STYLE = Automatic;
				DEVELOPMENT_TEAM = EYJ8W2A8H5;
				INFOPLIST_FILE = Newvies/Info.plist;
				LD_RUNPATH_SEARCH_PATHS = (
					"$(inherited)",
					"@executable_path/Frameworks",
				);
				PRODUCT_BUNDLE_IDENTIFIER = "jean-yves.Newvies";
				PRODUCT_NAME = "$(TARGET_NAME)";
				SWIFT_VERSION = 5.0;
				TARGETED_DEVICE_FAMILY = "1,2";
			};
			name = Debug;
		};
		E994B181241F0C350016F638 /* Release */ = {
			isa = XCBuildConfiguration;
			baseConfigurationReference = 43E4728FC29AB825C4E3593D /* Pods-Newvies.release.xcconfig */;
			buildSettings = {
				ASSETCATALOG_COMPILER_APPICON_NAME = AppIcon;
				CODE_SIGN_STYLE = Automatic;
				DEVELOPMENT_TEAM = EYJ8W2A8H5;
				INFOPLIST_FILE = Newvies/Info.plist;
				LD_RUNPATH_SEARCH_PATHS = (
					"$(inherited)",
					"@executable_path/Frameworks",
				);
				PRODUCT_BUNDLE_IDENTIFIER = "jean-yves.Newvies";
				PRODUCT_NAME = "$(TARGET_NAME)";
				SWIFT_VERSION = 5.0;
				TARGETED_DEVICE_FAMILY = "1,2";
			};
			name = Release;
		};
		E994B183241F0C350016F638 /* Debug */ = {
			isa = XCBuildConfiguration;
			baseConfigurationReference = BAEC0DBA9CEB5D6930D29F56 /* Pods-NewviesTests.debug.xcconfig */;
			buildSettings = {
				ALWAYS_EMBED_SWIFT_STANDARD_LIBRARIES = YES;
				BUNDLE_LOADER = "$(TEST_HOST)";
				CODE_SIGN_STYLE = Automatic;
				DEVELOPMENT_TEAM = EYJ8W2A8H5;
				INFOPLIST_FILE = NewviesTests/Info.plist;
				IPHONEOS_DEPLOYMENT_TARGET = 13.2;
				LD_RUNPATH_SEARCH_PATHS = (
					"$(inherited)",
					"@executable_path/Frameworks",
					"@loader_path/Frameworks",
				);
				PRODUCT_BUNDLE_IDENTIFIER = "jean-yves.NewviesTests";
				PRODUCT_NAME = "$(TARGET_NAME)";
				SWIFT_VERSION = 5.0;
				TARGETED_DEVICE_FAMILY = "1,2";
				TEST_HOST = "$(BUILT_PRODUCTS_DIR)/Newvies.app/Newvies";
			};
			name = Debug;
		};
		E994B184241F0C350016F638 /* Release */ = {
			isa = XCBuildConfiguration;
			baseConfigurationReference = 5D08EFCD0513151535D89900 /* Pods-NewviesTests.release.xcconfig */;
			buildSettings = {
				ALWAYS_EMBED_SWIFT_STANDARD_LIBRARIES = YES;
				BUNDLE_LOADER = "$(TEST_HOST)";
				CODE_SIGN_STYLE = Automatic;
				DEVELOPMENT_TEAM = EYJ8W2A8H5;
				INFOPLIST_FILE = NewviesTests/Info.plist;
				IPHONEOS_DEPLOYMENT_TARGET = 13.2;
				LD_RUNPATH_SEARCH_PATHS = (
					"$(inherited)",
					"@executable_path/Frameworks",
					"@loader_path/Frameworks",
				);
				PRODUCT_BUNDLE_IDENTIFIER = "jean-yves.NewviesTests";
				PRODUCT_NAME = "$(TARGET_NAME)";
				SWIFT_VERSION = 5.0;
				TARGETED_DEVICE_FAMILY = "1,2";
				TEST_HOST = "$(BUILT_PRODUCTS_DIR)/Newvies.app/Newvies";
			};
			name = Release;
		};
		E994B186241F0C350016F638 /* Debug */ = {
			isa = XCBuildConfiguration;
			baseConfigurationReference = D49C3CFFB7DFC32CD3C2A679 /* Pods-Newvies-NewviesUITests.debug.xcconfig */;
			buildSettings = {
				ALWAYS_EMBED_SWIFT_STANDARD_LIBRARIES = YES;
				CODE_SIGN_STYLE = Automatic;
				DEVELOPMENT_TEAM = EYJ8W2A8H5;
				INFOPLIST_FILE = NewviesUITests/Info.plist;
				LD_RUNPATH_SEARCH_PATHS = (
					"$(inherited)",
					"@executable_path/Frameworks",
					"@loader_path/Frameworks",
				);
				PRODUCT_BUNDLE_IDENTIFIER = "jean-yves.NewviesUITests";
				PRODUCT_NAME = "$(TARGET_NAME)";
				SWIFT_VERSION = 5.0;
				TARGETED_DEVICE_FAMILY = "1,2";
				TEST_TARGET_NAME = Newvies;
			};
			name = Debug;
		};
		E994B187241F0C350016F638 /* Release */ = {
			isa = XCBuildConfiguration;
			baseConfigurationReference = 39285477B8E5E5C49E1E6D28 /* Pods-Newvies-NewviesUITests.release.xcconfig */;
			buildSettings = {
				ALWAYS_EMBED_SWIFT_STANDARD_LIBRARIES = YES;
				CODE_SIGN_STYLE = Automatic;
				DEVELOPMENT_TEAM = EYJ8W2A8H5;
				INFOPLIST_FILE = NewviesUITests/Info.plist;
				LD_RUNPATH_SEARCH_PATHS = (
					"$(inherited)",
					"@executable_path/Frameworks",
					"@loader_path/Frameworks",
				);
				PRODUCT_BUNDLE_IDENTIFIER = "jean-yves.NewviesUITests";
				PRODUCT_NAME = "$(TARGET_NAME)";
				SWIFT_VERSION = 5.0;
				TARGETED_DEVICE_FAMILY = "1,2";
				TEST_TARGET_NAME = Newvies;
			};
			name = Release;
		};
/* End XCBuildConfiguration section */

/* Begin XCConfigurationList section */
		E994B150241F0C330016F638 /* Build configuration list for PBXProject "Newvies" */ = {
			isa = XCConfigurationList;
			buildConfigurations = (
				E994B17D241F0C350016F638 /* Debug */,
				E994B17E241F0C350016F638 /* Release */,
			);
			defaultConfigurationIsVisible = 0;
			defaultConfigurationName = Release;
		};
		E994B17F241F0C350016F638 /* Build configuration list for PBXNativeTarget "Newvies" */ = {
			isa = XCConfigurationList;
			buildConfigurations = (
				E994B180241F0C350016F638 /* Debug */,
				E994B181241F0C350016F638 /* Release */,
			);
			defaultConfigurationIsVisible = 0;
			defaultConfigurationName = Release;
		};
		E994B182241F0C350016F638 /* Build configuration list for PBXNativeTarget "NewviesTests" */ = {
			isa = XCConfigurationList;
			buildConfigurations = (
				E994B183241F0C350016F638 /* Debug */,
				E994B184241F0C350016F638 /* Release */,
			);
			defaultConfigurationIsVisible = 0;
			defaultConfigurationName = Release;
		};
		E994B185241F0C350016F638 /* Build configuration list for PBXNativeTarget "NewviesUITests" */ = {
			isa = XCConfigurationList;
			buildConfigurations = (
				E994B186241F0C350016F638 /* Debug */,
				E994B187241F0C350016F638 /* Release */,
			);
			defaultConfigurationIsVisible = 0;
			defaultConfigurationName = Release;
		};
/* End XCConfigurationList section */
	};
	rootObject = E994B14D241F0C330016F638 /* Project object */;
}
